// !$*UTF8*$!
{
	archiveVersion = 1;
	classes = {
	};
	objectVersion = 50;
	objects = {

/* Begin PBXBuildFile section */
		56702CDB24B0EF9A003F7971 /* AppDelegate.swift in Sources */ = {isa = PBXBuildFile; fileRef = 56702CDA24B0EF9A003F7971 /* AppDelegate.swift */; };
		56702CDD24B0EF9A003F7971 /* SceneDelegate.swift in Sources */ = {isa = PBXBuildFile; fileRef = 56702CDC24B0EF9A003F7971 /* SceneDelegate.swift */; };
		56702CDF24B0EF9A003F7971 /* ContentView.swift in Sources */ = {isa = PBXBuildFile; fileRef = 56702CDE24B0EF9A003F7971 /* ContentView.swift */; };
		56702CE124B0EF9B003F7971 /* Assets.xcassets in Resources */ = {isa = PBXBuildFile; fileRef = 56702CE024B0EF9B003F7971 /* Assets.xcassets */; };
		56702CE424B0EF9B003F7971 /* Preview Assets.xcassets in Resources */ = {isa = PBXBuildFile; fileRef = 56702CE324B0EF9B003F7971 /* Preview Assets.xcassets */; };
		56702CE724B0EF9B003F7971 /* LaunchScreen.storyboard in Resources */ = {isa = PBXBuildFile; fileRef = 56702CE524B0EF9B003F7971 /* LaunchScreen.storyboard */; };
		56702CF224B0EF9B003F7971 /* Youtube2Mp3Tests.swift in Sources */ = {isa = PBXBuildFile; fileRef = 56702CF124B0EF9B003F7971 /* Youtube2Mp3Tests.swift */; };
		56702CFD24B0EF9C003F7971 /* Youtube2Mp3UITests.swift in Sources */ = {isa = PBXBuildFile; fileRef = 56702CFC24B0EF9C003F7971 /* Youtube2Mp3UITests.swift */; };
		56702D0B24B12A05003F7971 /* WebView.swift in Sources */ = {isa = PBXBuildFile; fileRef = 56702D0A24B12A05003F7971 /* WebView.swift */; };
		56738B1924B1BCB30091EAB4 /* Coordinator.swift in Sources */ = {isa = PBXBuildFile; fileRef = 56738B1824B1BCB30091EAB4 /* Coordinator.swift */; };
		56F8F33224B6338000EEFF10 /* CustomShareViewController.swift in Sources */ = {isa = PBXBuildFile; fileRef = 56F8F33124B6338000EEFF10 /* CustomShareViewController.swift */; };
		56F8F33924B6338000EEFF10 /* URLSharing.appex in Embed App Extensions */ = {isa = PBXBuildFile; fileRef = 56F8F32F24B6338000EEFF10 /* URLSharing.appex */; settings = {ATTRIBUTES = (RemoveHeadersOnCopy, ); }; };
		56F8F34024B645B800EEFF10 /* ContentView.swift in Sources */ = {isa = PBXBuildFile; fileRef = 56702CDE24B0EF9A003F7971 /* ContentView.swift */; };
		56F8F34124B645B800EEFF10 /* WebView.swift in Sources */ = {isa = PBXBuildFile; fileRef = 56702D0A24B12A05003F7971 /* WebView.swift */; };
		56F8F34324B648CC00EEFF10 /* Coordinator.swift in Sources */ = {isa = PBXBuildFile; fileRef = 56738B1824B1BCB30091EAB4 /* Coordinator.swift */; };
		56F8F34524B6527B00EEFF10 /* CustomShareNavigationController.swift in Sources */ = {isa = PBXBuildFile; fileRef = 56F8F34424B6527B00EEFF10 /* CustomShareNavigationController.swift */; };
/* End PBXBuildFile section */

/* Begin PBXContainerItemProxy section */
		56702CEE24B0EF9B003F7971 /* PBXContainerItemProxy */ = {
			isa = PBXContainerItemProxy;
			containerPortal = 56702CCF24B0EF9A003F7971 /* Project object */;
			proxyType = 1;
			remoteGlobalIDString = 56702CD624B0EF9A003F7971;
			remoteInfo = Youtube2Mp3;
		};
		56702CF924B0EF9B003F7971 /* PBXContainerItemProxy */ = {
			isa = PBXContainerItemProxy;
			containerPortal = 56702CCF24B0EF9A003F7971 /* Project object */;
			proxyType = 1;
			remoteGlobalIDString = 56702CD624B0EF9A003F7971;
			remoteInfo = Youtube2Mp3;
		};
		56F8F33724B6338000EEFF10 /* PBXContainerItemProxy */ = {
			isa = PBXContainerItemProxy;
			containerPortal = 56702CCF24B0EF9A003F7971 /* Project object */;
			proxyType = 1;
			remoteGlobalIDString = 56F8F32E24B6338000EEFF10;
			remoteInfo = URLSharing;
		};
/* End PBXContainerItemProxy section */

/* Begin PBXCopyFilesBuildPhase section */
		56F8F33A24B6338000EEFF10 /* Embed App Extensions */ = {
			isa = PBXCopyFilesBuildPhase;
			buildActionMask = 2147483647;
			dstPath = "";
			dstSubfolderSpec = 13;
			files = (
				56F8F33924B6338000EEFF10 /* URLSharing.appex in Embed App Extensions */,
			);
			name = "Embed App Extensions";
			runOnlyForDeploymentPostprocessing = 0;
		};
/* End PBXCopyFilesBuildPhase section */

/* Begin PBXFileReference section */
		56702CD724B0EF9A003F7971 /* Youtube2Mp3.app */ = {isa = PBXFileReference; explicitFileType = wrapper.application; includeInIndex = 0; path = Youtube2Mp3.app; sourceTree = BUILT_PRODUCTS_DIR; };
		56702CDA24B0EF9A003F7971 /* AppDelegate.swift */ = {isa = PBXFileReference; lastKnownFileType = sourcecode.swift; path = AppDelegate.swift; sourceTree = "<group>"; };
		56702CDC24B0EF9A003F7971 /* SceneDelegate.swift */ = {isa = PBXFileReference; lastKnownFileType = sourcecode.swift; path = SceneDelegate.swift; sourceTree = "<group>"; };
		56702CDE24B0EF9A003F7971 /* ContentView.swift */ = {isa = PBXFileReference; lastKnownFileType = sourcecode.swift; path = ContentView.swift; sourceTree = "<group>"; };
		56702CE024B0EF9B003F7971 /* Assets.xcassets */ = {isa = PBXFileReference; lastKnownFileType = folder.assetcatalog; path = Assets.xcassets; sourceTree = "<group>"; };
		56702CE324B0EF9B003F7971 /* Preview Assets.xcassets */ = {isa = PBXFileReference; lastKnownFileType = folder.assetcatalog; path = "Preview Assets.xcassets"; sourceTree = "<group>"; };
		56702CE624B0EF9B003F7971 /* Base */ = {isa = PBXFileReference; lastKnownFileType = file.storyboard; name = Base; path = Base.lproj/LaunchScreen.storyboard; sourceTree = "<group>"; };
		56702CE824B0EF9B003F7971 /* Info.plist */ = {isa = PBXFileReference; lastKnownFileType = text.plist.xml; path = Info.plist; sourceTree = "<group>"; };
		56702CED24B0EF9B003F7971 /* Youtube2Mp3Tests.xctest */ = {isa = PBXFileReference; explicitFileType = wrapper.cfbundle; includeInIndex = 0; path = Youtube2Mp3Tests.xctest; sourceTree = BUILT_PRODUCTS_DIR; };
		56702CF124B0EF9B003F7971 /* Youtube2Mp3Tests.swift */ = {isa = PBXFileReference; lastKnownFileType = sourcecode.swift; path = Youtube2Mp3Tests.swift; sourceTree = "<group>"; };
		56702CF324B0EF9B003F7971 /* Info.plist */ = {isa = PBXFileReference; lastKnownFileType = text.plist.xml; path = Info.plist; sourceTree = "<group>"; };
		56702CF824B0EF9B003F7971 /* Youtube2Mp3UITests.xctest */ = {isa = PBXFileReference; explicitFileType = wrapper.cfbundle; includeInIndex = 0; path = Youtube2Mp3UITests.xctest; sourceTree = BUILT_PRODUCTS_DIR; };
		56702CFC24B0EF9C003F7971 /* Youtube2Mp3UITests.swift */ = {isa = PBXFileReference; lastKnownFileType = sourcecode.swift; path = Youtube2Mp3UITests.swift; sourceTree = "<group>"; };
		56702CFE24B0EF9C003F7971 /* Info.plist */ = {isa = PBXFileReference; lastKnownFileType = text.plist.xml; path = Info.plist; sourceTree = "<group>"; };
		56702D0A24B12A05003F7971 /* WebView.swift */ = {isa = PBXFileReference; lastKnownFileType = sourcecode.swift; path = WebView.swift; sourceTree = "<group>"; };
		56738B1824B1BCB30091EAB4 /* Coordinator.swift */ = {isa = PBXFileReference; lastKnownFileType = sourcecode.swift; path = Coordinator.swift; sourceTree = "<group>"; };
		56F8F32F24B6338000EEFF10 /* URLSharing.appex */ = {isa = PBXFileReference; explicitFileType = "wrapper.app-extension"; includeInIndex = 0; path = URLSharing.appex; sourceTree = BUILT_PRODUCTS_DIR; };
		56F8F33124B6338000EEFF10 /* CustomShareViewController.swift */ = {isa = PBXFileReference; lastKnownFileType = sourcecode.swift; path = CustomShareViewController.swift; sourceTree = "<group>"; };
		56F8F33624B6338000EEFF10 /* Info.plist */ = {isa = PBXFileReference; lastKnownFileType = text.plist.xml; path = Info.plist; sourceTree = "<group>"; };
		56F8F33E24B633D000EEFF10 /* Youtube2Mp3.entitlements */ = {isa = PBXFileReference; lastKnownFileType = text.plist.entitlements; path = Youtube2Mp3.entitlements; sourceTree = "<group>"; };
		56F8F33F24B633E200EEFF10 /* URLSharing.entitlements */ = {isa = PBXFileReference; lastKnownFileType = text.plist.entitlements; path = URLSharing.entitlements; sourceTree = "<group>"; };
		56F8F34424B6527B00EEFF10 /* CustomShareNavigationController.swift */ = {isa = PBXFileReference; lastKnownFileType = sourcecode.swift; path = CustomShareNavigationController.swift; sourceTree = "<group>"; };
/* End PBXFileReference section */

/* Begin PBXFrameworksBuildPhase section */
		56702CD424B0EF9A003F7971 /* Frameworks */ = {
			isa = PBXFrameworksBuildPhase;
			buildActionMask = 2147483647;
			files = (
			);
			runOnlyForDeploymentPostprocessing = 0;
		};
		56702CEA24B0EF9B003F7971 /* Frameworks */ = {
			isa = PBXFrameworksBuildPhase;
			buildActionMask = 2147483647;
			files = (
			);
			runOnlyForDeploymentPostprocessing = 0;
		};
		56702CF524B0EF9B003F7971 /* Frameworks */ = {
			isa = PBXFrameworksBuildPhase;
			buildActionMask = 2147483647;
			files = (
			);
			runOnlyForDeploymentPostprocessing = 0;
		};
		56F8F32C24B6338000EEFF10 /* Frameworks */ = {
			isa = PBXFrameworksBuildPhase;
			buildActionMask = 2147483647;
			files = (
			);
			runOnlyForDeploymentPostprocessing = 0;
		};
/* End PBXFrameworksBuildPhase section */

/* Begin PBXGroup section */
		56702CCE24B0EF9A003F7971 = {
			isa = PBXGroup;
			children = (
				56702CD924B0EF9A003F7971 /* Youtube2Mp3 */,
				56702CF024B0EF9B003F7971 /* Youtube2Mp3Tests */,
				56702CFB24B0EF9B003F7971 /* Youtube2Mp3UITests */,
				56F8F33024B6338000EEFF10 /* URLSharing */,
				56702CD824B0EF9A003F7971 /* Products */,
			);
			sourceTree = "<group>";
		};
		56702CD824B0EF9A003F7971 /* Products */ = {
			isa = PBXGroup;
			children = (
				56702CD724B0EF9A003F7971 /* Youtube2Mp3.app */,
				56702CED24B0EF9B003F7971 /* Youtube2Mp3Tests.xctest */,
				56702CF824B0EF9B003F7971 /* Youtube2Mp3UITests.xctest */,
				56F8F32F24B6338000EEFF10 /* URLSharing.appex */,
			);
			name = Products;
			sourceTree = "<group>";
		};
		56702CD924B0EF9A003F7971 /* Youtube2Mp3 */ = {
			isa = PBXGroup;
			children = (
				56F8F33E24B633D000EEFF10 /* Youtube2Mp3.entitlements */,
				56702CDA24B0EF9A003F7971 /* AppDelegate.swift */,
				56702CDC24B0EF9A003F7971 /* SceneDelegate.swift */,
				56702CDE24B0EF9A003F7971 /* ContentView.swift */,
				56702CE024B0EF9B003F7971 /* Assets.xcassets */,
				56702CE524B0EF9B003F7971 /* LaunchScreen.storyboard */,
				56702CE824B0EF9B003F7971 /* Info.plist */,
				56702CE224B0EF9B003F7971 /* Preview Content */,
				56702D0A24B12A05003F7971 /* WebView.swift */,
				56738B1824B1BCB30091EAB4 /* Coordinator.swift */,
			);
			path = Youtube2Mp3;
			sourceTree = "<group>";
		};
		56702CE224B0EF9B003F7971 /* Preview Content */ = {
			isa = PBXGroup;
			children = (
				56702CE324B0EF9B003F7971 /* Preview Assets.xcassets */,
			);
			path = "Preview Content";
			sourceTree = "<group>";
		};
		56702CF024B0EF9B003F7971 /* Youtube2Mp3Tests */ = {
			isa = PBXGroup;
			children = (
				56702CF124B0EF9B003F7971 /* Youtube2Mp3Tests.swift */,
				56702CF324B0EF9B003F7971 /* Info.plist */,
			);
			path = Youtube2Mp3Tests;
			sourceTree = "<group>";
		};
		56702CFB24B0EF9B003F7971 /* Youtube2Mp3UITests */ = {
			isa = PBXGroup;
			children = (
				56702CFC24B0EF9C003F7971 /* Youtube2Mp3UITests.swift */,
				56702CFE24B0EF9C003F7971 /* Info.plist */,
			);
			path = Youtube2Mp3UITests;
			sourceTree = "<group>";
		};
		56F8F33024B6338000EEFF10 /* URLSharing */ = {
			isa = PBXGroup;
			children = (
				56F8F33F24B633E200EEFF10 /* URLSharing.entitlements */,
				56F8F33124B6338000EEFF10 /* CustomShareViewController.swift */,
				56F8F33624B6338000EEFF10 /* Info.plist */,
				56F8F34424B6527B00EEFF10 /* CustomShareNavigationController.swift */,
			);
			path = URLSharing;
			sourceTree = "<group>";
		};
/* End PBXGroup section */

/* Begin PBXNativeTarget section */
		56702CD624B0EF9A003F7971 /* Youtube2Mp3 */ = {
			isa = PBXNativeTarget;
			buildConfigurationList = 56702D0124B0EF9C003F7971 /* Build configuration list for PBXNativeTarget "Youtube2Mp3" */;
			buildPhases = (
				56702CD324B0EF9A003F7971 /* Sources */,
				56702CD424B0EF9A003F7971 /* Frameworks */,
				56702CD524B0EF9A003F7971 /* Resources */,
				56F8F33A24B6338000EEFF10 /* Embed App Extensions */,
			);
			buildRules = (
			);
			dependencies = (
				56F8F33824B6338000EEFF10 /* PBXTargetDependency */,
			);
			name = Youtube2Mp3;
			productName = Youtube2Mp3;
			productReference = 56702CD724B0EF9A003F7971 /* Youtube2Mp3.app */;
			productType = "com.apple.product-type.application";
		};
		56702CEC24B0EF9B003F7971 /* Youtube2Mp3Tests */ = {
			isa = PBXNativeTarget;
			buildConfigurationList = 56702D0424B0EF9C003F7971 /* Build configuration list for PBXNativeTarget "Youtube2Mp3Tests" */;
			buildPhases = (
				56702CE924B0EF9B003F7971 /* Sources */,
				56702CEA24B0EF9B003F7971 /* Frameworks */,
				56702CEB24B0EF9B003F7971 /* Resources */,
			);
			buildRules = (
			);
			dependencies = (
				56702CEF24B0EF9B003F7971 /* PBXTargetDependency */,
			);
			name = Youtube2Mp3Tests;
			productName = Youtube2Mp3Tests;
			productReference = 56702CED24B0EF9B003F7971 /* Youtube2Mp3Tests.xctest */;
			productType = "com.apple.product-type.bundle.unit-test";
		};
		56702CF724B0EF9B003F7971 /* Youtube2Mp3UITests */ = {
			isa = PBXNativeTarget;
			buildConfigurationList = 56702D0724B0EF9C003F7971 /* Build configuration list for PBXNativeTarget "Youtube2Mp3UITests" */;
			buildPhases = (
				56702CF424B0EF9B003F7971 /* Sources */,
				56702CF524B0EF9B003F7971 /* Frameworks */,
				56702CF624B0EF9B003F7971 /* Resources */,
			);
			buildRules = (
			);
			dependencies = (
				56702CFA24B0EF9B003F7971 /* PBXTargetDependency */,
			);
			name = Youtube2Mp3UITests;
			productName = Youtube2Mp3UITests;
			productReference = 56702CF824B0EF9B003F7971 /* Youtube2Mp3UITests.xctest */;
			productType = "com.apple.product-type.bundle.ui-testing";
		};
		56F8F32E24B6338000EEFF10 /* URLSharing */ = {
			isa = PBXNativeTarget;
			buildConfigurationList = 56F8F33D24B6338000EEFF10 /* Build configuration list for PBXNativeTarget "URLSharing" */;
			buildPhases = (
				56F8F32B24B6338000EEFF10 /* Sources */,
				56F8F32C24B6338000EEFF10 /* Frameworks */,
				56F8F32D24B6338000EEFF10 /* Resources */,
			);
			buildRules = (
			);
			dependencies = (
			);
			name = URLSharing;
			productName = URLSharing;
			productReference = 56F8F32F24B6338000EEFF10 /* URLSharing.appex */;
			productType = "com.apple.product-type.app-extension";
		};
/* End PBXNativeTarget section */

/* Begin PBXProject section */
		56702CCF24B0EF9A003F7971 /* Project object */ = {
			isa = PBXProject;
			attributes = {
				LastSwiftUpdateCheck = 1140;
				LastUpgradeCheck = 1140;
				ORGANIZATIONNAME = "Panagiotis Kanellidis";
				TargetAttributes = {
					56702CD624B0EF9A003F7971 = {
						CreatedOnToolsVersion = 11.4;
					};
					56702CEC24B0EF9B003F7971 = {
						CreatedOnToolsVersion = 11.4;
						TestTargetID = 56702CD624B0EF9A003F7971;
					};
					56702CF724B0EF9B003F7971 = {
						CreatedOnToolsVersion = 11.4;
						TestTargetID = 56702CD624B0EF9A003F7971;
					};
					56F8F32E24B6338000EEFF10 = {
						CreatedOnToolsVersion = 11.4;
					};
				};
			};
			buildConfigurationList = 56702CD224B0EF9A003F7971 /* Build configuration list for PBXProject "Youtube2Mp3" */;
			compatibilityVersion = "Xcode 9.3";
			developmentRegion = en;
			hasScannedForEncodings = 0;
			knownRegions = (
				en,
				Base,
			);
			mainGroup = 56702CCE24B0EF9A003F7971;
			productRefGroup = 56702CD824B0EF9A003F7971 /* Products */;
			projectDirPath = "";
			projectRoot = "";
			targets = (
				56702CD624B0EF9A003F7971 /* Youtube2Mp3 */,
				56702CEC24B0EF9B003F7971 /* Youtube2Mp3Tests */,
				56702CF724B0EF9B003F7971 /* Youtube2Mp3UITests */,
				56F8F32E24B6338000EEFF10 /* URLSharing */,
			);
		};
/* End PBXProject section */

/* Begin PBXResourcesBuildPhase section */
		56702CD524B0EF9A003F7971 /* Resources */ = {
			isa = PBXResourcesBuildPhase;
			buildActionMask = 2147483647;
			files = (
				56702CE724B0EF9B003F7971 /* LaunchScreen.storyboard in Resources */,
				56702CE424B0EF9B003F7971 /* Preview Assets.xcassets in Resources */,
				56702CE124B0EF9B003F7971 /* Assets.xcassets in Resources */,
			);
			runOnlyForDeploymentPostprocessing = 0;
		};
		56702CEB24B0EF9B003F7971 /* Resources */ = {
			isa = PBXResourcesBuildPhase;
			buildActionMask = 2147483647;
			files = (
			);
			runOnlyForDeploymentPostprocessing = 0;
		};
		56702CF624B0EF9B003F7971 /* Resources */ = {
			isa = PBXResourcesBuildPhase;
			buildActionMask = 2147483647;
			files = (
			);
			runOnlyForDeploymentPostprocessing = 0;
		};
		56F8F32D24B6338000EEFF10 /* Resources */ = {
			isa = PBXResourcesBuildPhase;
			buildActionMask = 2147483647;
			files = (
			);
			runOnlyForDeploymentPostprocessing = 0;
		};
/* End PBXResourcesBuildPhase section */

/* Begin PBXSourcesBuildPhase section */
		56702CD324B0EF9A003F7971 /* Sources */ = {
			isa = PBXSourcesBuildPhase;
			buildActionMask = 2147483647;
			files = (
				56702CDB24B0EF9A003F7971 /* AppDelegate.swift in Sources */,
				56702D0B24B12A05003F7971 /* WebView.swift in Sources */,
				56738B1924B1BCB30091EAB4 /* Coordinator.swift in Sources */,
				56702CDD24B0EF9A003F7971 /* SceneDelegate.swift in Sources */,
				56702CDF24B0EF9A003F7971 /* ContentView.swift in Sources */,
			);
			runOnlyForDeploymentPostprocessing = 0;
		};
		56702CE924B0EF9B003F7971 /* Sources */ = {
			isa = PBXSourcesBuildPhase;
			buildActionMask = 2147483647;
			files = (
				56702CF224B0EF9B003F7971 /* Youtube2Mp3Tests.swift in Sources */,
			);
			runOnlyForDeploymentPostprocessing = 0;
		};
		56702CF424B0EF9B003F7971 /* Sources */ = {
			isa = PBXSourcesBuildPhase;
			buildActionMask = 2147483647;
			files = (
				56702CFD24B0EF9C003F7971 /* Youtube2Mp3UITests.swift in Sources */,
			);
			runOnlyForDeploymentPostprocessing = 0;
		};
		56F8F32B24B6338000EEFF10 /* Sources */ = {
			isa = PBXSourcesBuildPhase;
			buildActionMask = 2147483647;
			files = (
				56F8F34324B648CC00EEFF10 /* Coordinator.swift in Sources */,
				56F8F34024B645B800EEFF10 /* ContentView.swift in Sources */,
				56F8F34124B645B800EEFF10 /* WebView.swift in Sources */,
				56F8F33224B6338000EEFF10 /* CustomShareViewController.swift in Sources */,
				56F8F34524B6527B00EEFF10 /* CustomShareNavigationController.swift in Sources */,
			);
			runOnlyForDeploymentPostprocessing = 0;
		};
/* End PBXSourcesBuildPhase section */

/* Begin PBXTargetDependency section */
		56702CEF24B0EF9B003F7971 /* PBXTargetDependency */ = {
			isa = PBXTargetDependency;
			target = 56702CD624B0EF9A003F7971 /* Youtube2Mp3 */;
			targetProxy = 56702CEE24B0EF9B003F7971 /* PBXContainerItemProxy */;
		};
		56702CFA24B0EF9B003F7971 /* PBXTargetDependency */ = {
			isa = PBXTargetDependency;
			target = 56702CD624B0EF9A003F7971 /* Youtube2Mp3 */;
			targetProxy = 56702CF924B0EF9B003F7971 /* PBXContainerItemProxy */;
		};
		56F8F33824B6338000EEFF10 /* PBXTargetDependency */ = {
			isa = PBXTargetDependency;
			target = 56F8F32E24B6338000EEFF10 /* URLSharing */;
			targetProxy = 56F8F33724B6338000EEFF10 /* PBXContainerItemProxy */;
		};
/* End PBXTargetDependency section */

/* Begin PBXVariantGroup section */
		56702CE524B0EF9B003F7971 /* LaunchScreen.storyboard */ = {
			isa = PBXVariantGroup;
			children = (
				56702CE624B0EF9B003F7971 /* Base */,
			);
			name = LaunchScreen.storyboard;
			sourceTree = "<group>";
		};
/* End PBXVariantGroup section */

/* Begin XCBuildConfiguration section */
		56702CFF24B0EF9C003F7971 /* Debug */ = {
			isa = XCBuildConfiguration;
			buildSettings = {
				ALWAYS_SEARCH_USER_PATHS = NO;
				CLANG_ANALYZER_NONNULL = YES;
				CLANG_ANALYZER_NUMBER_OBJECT_CONVERSION = YES_AGGRESSIVE;
				CLANG_CXX_LANGUAGE_STANDARD = "gnu++14";
				CLANG_CXX_LIBRARY = "libc++";
				CLANG_ENABLE_MODULES = YES;
				CLANG_ENABLE_OBJC_ARC = YES;
				CLANG_ENABLE_OBJC_WEAK = YES;
				CLANG_WARN_BLOCK_CAPTURE_AUTORELEASING = YES;
				CLANG_WARN_BOOL_CONVERSION = YES;
				CLANG_WARN_COMMA = YES;
				CLANG_WARN_CONSTANT_CONVERSION = YES;
				CLANG_WARN_DEPRECATED_OBJC_IMPLEMENTATIONS = YES;
				CLANG_WARN_DIRECT_OBJC_ISA_USAGE = YES_ERROR;
				CLANG_WARN_DOCUMENTATION_COMMENTS = YES;
				CLANG_WARN_EMPTY_BODY = YES;
				CLANG_WARN_ENUM_CONVERSION = YES;
				CLANG_WARN_INFINITE_RECURSION = YES;
				CLANG_WARN_INT_CONVERSION = YES;
				CLANG_WARN_NON_LITERAL_NULL_CONVERSION = YES;
				CLANG_WARN_OBJC_IMPLICIT_RETAIN_SELF = YES;
				CLANG_WARN_OBJC_LITERAL_CONVERSION = YES;
				CLANG_WARN_OBJC_ROOT_CLASS = YES_ERROR;
				CLANG_WARN_RANGE_LOOP_ANALYSIS = YES;
				CLANG_WARN_STRICT_PROTOTYPES = YES;
				CLANG_WARN_SUSPICIOUS_MOVE = YES;
				CLANG_WARN_UNGUARDED_AVAILABILITY = YES_AGGRESSIVE;
				CLANG_WARN_UNREACHABLE_CODE = YES;
				CLANG_WARN__DUPLICATE_METHOD_MATCH = YES;
				COPY_PHASE_STRIP = NO;
				DEBUG_INFORMATION_FORMAT = dwarf;
				ENABLE_STRICT_OBJC_MSGSEND = YES;
				ENABLE_TESTABILITY = YES;
				GCC_C_LANGUAGE_STANDARD = gnu11;
				GCC_DYNAMIC_NO_PIC = NO;
				GCC_NO_COMMON_BLOCKS = YES;
				GCC_OPTIMIZATION_LEVEL = 0;
				GCC_PREPROCESSOR_DEFINITIONS = (
					"DEBUG=1",
					"$(inherited)",
				);
				GCC_WARN_64_TO_32_BIT_CONVERSION = YES;
				GCC_WARN_ABOUT_RETURN_TYPE = YES_ERROR;
				GCC_WARN_UNDECLARED_SELECTOR = YES;
				GCC_WARN_UNINITIALIZED_AUTOS = YES_AGGRESSIVE;
				GCC_WARN_UNUSED_FUNCTION = YES;
				GCC_WARN_UNUSED_VARIABLE = YES;
				IPHONEOS_DEPLOYMENT_TARGET = 13.4;
				MTL_ENABLE_DEBUG_INFO = INCLUDE_SOURCE;
				MTL_FAST_MATH = YES;
				ONLY_ACTIVE_ARCH = YES;
				SDKROOT = iphoneos;
				SWIFT_ACTIVE_COMPILATION_CONDITIONS = DEBUG;
				SWIFT_OPTIMIZATION_LEVEL = "-Onone";
			};
			name = Debug;
		};
		56702D0024B0EF9C003F7971 /* Release */ = {
			isa = XCBuildConfiguration;
			buildSettings = {
				ALWAYS_SEARCH_USER_PATHS = NO;
				CLANG_ANALYZER_NONNULL = YES;
				CLANG_ANALYZER_NUMBER_OBJECT_CONVERSION = YES_AGGRESSIVE;
				CLANG_CXX_LANGUAGE_STANDARD = "gnu++14";
				CLANG_CXX_LIBRARY = "libc++";
				CLANG_ENABLE_MODULES = YES;
				CLANG_ENABLE_OBJC_ARC = YES;
				CLANG_ENABLE_OBJC_WEAK = YES;
				CLANG_WARN_BLOCK_CAPTURE_AUTORELEASING = YES;
				CLANG_WARN_BOOL_CONVERSION = YES;
				CLANG_WARN_COMMA = YES;
				CLANG_WARN_CONSTANT_CONVERSION = YES;
				CLANG_WARN_DEPRECATED_OBJC_IMPLEMENTATIONS = YES;
				CLANG_WARN_DIRECT_OBJC_ISA_USAGE = YES_ERROR;
				CLANG_WARN_DOCUMENTATION_COMMENTS = YES;
				CLANG_WARN_EMPTY_BODY = YES;
				CLANG_WARN_ENUM_CONVERSION = YES;
				CLANG_WARN_INFINITE_RECURSION = YES;
				CLANG_WARN_INT_CONVERSION = YES;
				CLANG_WARN_NON_LITERAL_NULL_CONVERSION = YES;
				CLANG_WARN_OBJC_IMPLICIT_RETAIN_SELF = YES;
				CLANG_WARN_OBJC_LITERAL_CONVERSION = YES;
				CLANG_WARN_OBJC_ROOT_CLASS = YES_ERROR;
				CLANG_WARN_RANGE_LOOP_ANALYSIS = YES;
				CLANG_WARN_STRICT_PROTOTYPES = YES;
				CLANG_WARN_SUSPICIOUS_MOVE = YES;
				CLANG_WARN_UNGUARDED_AVAILABILITY = YES_AGGRESSIVE;
				CLANG_WARN_UNREACHABLE_CODE = YES;
				CLANG_WARN__DUPLICATE_METHOD_MATCH = YES;
				COPY_PHASE_STRIP = NO;
				DEBUG_INFORMATION_FORMAT = "dwarf-with-dsym";
				ENABLE_NS_ASSERTIONS = NO;
				ENABLE_STRICT_OBJC_MSGSEND = YES;
				GCC_C_LANGUAGE_STANDARD = gnu11;
				GCC_NO_COMMON_BLOCKS = YES;
				GCC_WARN_64_TO_32_BIT_CONVERSION = YES;
				GCC_WARN_ABOUT_RETURN_TYPE = YES_ERROR;
				GCC_WARN_UNDECLARED_SELECTOR = YES;
				GCC_WARN_UNINITIALIZED_AUTOS = YES_AGGRESSIVE;
				GCC_WARN_UNUSED_FUNCTION = YES;
				GCC_WARN_UNUSED_VARIABLE = YES;
				IPHONEOS_DEPLOYMENT_TARGET = 13.4;
				MTL_ENABLE_DEBUG_INFO = NO;
				MTL_FAST_MATH = YES;
				SDKROOT = iphoneos;
				SWIFT_COMPILATION_MODE = wholemodule;
				SWIFT_OPTIMIZATION_LEVEL = "-O";
				VALIDATE_PRODUCT = YES;
			};
			name = Release;
		};
		56702D0224B0EF9C003F7971 /* Debug */ = {
			isa = XCBuildConfiguration;
			buildSettings = {
				ALWAYS_EMBED_SWIFT_STANDARD_LIBRARIES = YES;
				ASSETCATALOG_COMPILER_APPICON_NAME = AppIcon;
				CODE_SIGN_ENTITLEMENTS = Youtube2Mp3/Youtube2Mp3.entitlements;
				CODE_SIGN_STYLE = Automatic;
				DEVELOPMENT_ASSET_PATHS = "\"Youtube2Mp3/Preview Content\"";
				DEVELOPMENT_TEAM = SH2X9X9LQL;
				ENABLE_PREVIEWS = YES;
				INFOPLIST_FILE = Youtube2Mp3/Info.plist;
				LD_RUNPATH_SEARCH_PATHS = (
					"$(inherited)",
					"@executable_path/Frameworks",
				);
				PRODUCT_BUNDLE_IDENTIFIER = OrgId.Youtube2Mp3;
				PRODUCT_NAME = "$(TARGET_NAME)";
				SWIFT_VERSION = 5.0;
				TARGETED_DEVICE_FAMILY = "1,2";
			};
			name = Debug;
		};
		56702D0324B0EF9C003F7971 /* Release */ = {
			isa = XCBuildConfiguration;
			buildSettings = {
				ALWAYS_EMBED_SWIFT_STANDARD_LIBRARIES = YES;
				ASSETCATALOG_COMPILER_APPICON_NAME = AppIcon;
				CODE_SIGN_ENTITLEMENTS = Youtube2Mp3/Youtube2Mp3.entitlements;
				CODE_SIGN_STYLE = Automatic;
				DEVELOPMENT_ASSET_PATHS = "\"Youtube2Mp3/Preview Content\"";
				DEVELOPMENT_TEAM = SH2X9X9LQL;
				ENABLE_PREVIEWS = YES;
				INFOPLIST_FILE = Youtube2Mp3/Info.plist;
				LD_RUNPATH_SEARCH_PATHS = (
					"$(inherited)",
					"@executable_path/Frameworks",
				);
				PRODUCT_BUNDLE_IDENTIFIER = OrgId.Youtube2Mp3;
				PRODUCT_NAME = "$(TARGET_NAME)";
				SWIFT_VERSION = 5.0;
				TARGETED_DEVICE_FAMILY = "1,2";
			};
			name = Release;
		};
		56702D0524B0EF9C003F7971 /* Debug */ = {
			isa = XCBuildConfiguration;
			buildSettings = {
				ALWAYS_EMBED_SWIFT_STANDARD_LIBRARIES = YES;
				BUNDLE_LOADER = "$(TEST_HOST)";
				CODE_SIGN_STYLE = Automatic;
				INFOPLIST_FILE = Youtube2Mp3Tests/Info.plist;
				IPHONEOS_DEPLOYMENT_TARGET = 13.4;
				LD_RUNPATH_SEARCH_PATHS = (
					"$(inherited)",
					"@executable_path/Frameworks",
					"@loader_path/Frameworks",
				);
				PRODUCT_BUNDLE_IDENTIFIER = OrgId.Youtube2Mp3Tests;
				PRODUCT_NAME = "$(TARGET_NAME)";
				SWIFT_VERSION = 5.0;
				TARGETED_DEVICE_FAMILY = "1,2";
				TEST_HOST = "$(BUILT_PRODUCTS_DIR)/Youtube2Mp3.app/Youtube2Mp3";
			};
			name = Debug;
		};
		56702D0624B0EF9C003F7971 /* Release */ = {
			isa = XCBuildConfiguration;
			buildSettings = {
				ALWAYS_EMBED_SWIFT_STANDARD_LIBRARIES = YES;
				BUNDLE_LOADER = "$(TEST_HOST)";
				CODE_SIGN_STYLE = Automatic;
				INFOPLIST_FILE = Youtube2Mp3Tests/Info.plist;
				IPHONEOS_DEPLOYMENT_TARGET = 13.4;
				LD_RUNPATH_SEARCH_PATHS = (
					"$(inherited)",
					"@executable_path/Frameworks",
					"@loader_path/Frameworks",
				);
				PRODUCT_BUNDLE_IDENTIFIER = OrgId.Youtube2Mp3Tests;
				PRODUCT_NAME = "$(TARGET_NAME)";
				SWIFT_VERSION = 5.0;
				TARGETED_DEVICE_FAMILY = "1,2";
				TEST_HOST = "$(BUILT_PRODUCTS_DIR)/Youtube2Mp3.app/Youtube2Mp3";
			};
			name = Release;
		};
		56702D0824B0EF9C003F7971 /* Debug */ = {
			isa = XCBuildConfiguration;
			buildSettings = {
				ALWAYS_EMBED_SWIFT_STANDARD_LIBRARIES = YES;
				CODE_SIGN_STYLE = Automatic;
				INFOPLIST_FILE = Youtube2Mp3UITests/Info.plist;
				LD_RUNPATH_SEARCH_PATHS = (
					"$(inherited)",
					"@executable_path/Frameworks",
					"@loader_path/Frameworks",
				);
				PRODUCT_BUNDLE_IDENTIFIER = OrgId.Youtube2Mp3UITests;
				PRODUCT_NAME = "$(TARGET_NAME)";
				SWIFT_VERSION = 5.0;
				TARGETED_DEVICE_FAMILY = "1,2";
				TEST_TARGET_NAME = Youtube2Mp3;
			};
			name = Debug;
		};
		56702D0924B0EF9C003F7971 /* Release */ = {
			isa = XCBuildConfiguration;
			buildSettings = {
				ALWAYS_EMBED_SWIFT_STANDARD_LIBRARIES = YES;
				CODE_SIGN_STYLE = Automatic;
				INFOPLIST_FILE = Youtube2Mp3UITests/Info.plist;
				LD_RUNPATH_SEARCH_PATHS = (
					"$(inherited)",
					"@executable_path/Frameworks",
					"@loader_path/Frameworks",
				);
				PRODUCT_BUNDLE_IDENTIFIER = OrgId.Youtube2Mp3UITests;
				PRODUCT_NAME = "$(TARGET_NAME)";
				SWIFT_VERSION = 5.0;
				TARGETED_DEVICE_FAMILY = "1,2";
				TEST_TARGET_NAME = Youtube2Mp3;
			};
			name = Release;
		};
		56F8F33B24B6338000EEFF10 /* Debug */ = {
			isa = XCBuildConfiguration;
			buildSettings = {
				CODE_SIGN_ENTITLEMENTS = URLSharing/URLSharing.entitlements;
				CODE_SIGN_STYLE = Automatic;
				DEVELOPMENT_TEAM = SH2X9X9LQL;
				INFOPLIST_FILE = URLSharing/Info.plist;
				LD_RUNPATH_SEARCH_PATHS = (
					"$(inherited)",
					"@executable_path/Frameworks",
					"@executable_path/../../Frameworks",
				);
				PRODUCT_BUNDLE_IDENTIFIER = OrgId.Youtube2Mp3.URLSharing;
				PRODUCT_NAME = "$(TARGET_NAME)";
				SKIP_INSTALL = YES;
				SWIFT_VERSION = 5.0;
				TARGETED_DEVICE_FAMILY = "1,2";
			};
			name = Debug;
		};
		56F8F33C24B6338000EEFF10 /* Release */ = {
			isa = XCBuildConfiguration;
			buildSettings = {
				CODE_SIGN_ENTITLEMENTS = URLSharing/URLSharing.entitlements;
				CODE_SIGN_STYLE = Automatic;
				DEVELOPMENT_TEAM = SH2X9X9LQL;
				INFOPLIST_FILE = URLSharing/Info.plist;
				LD_RUNPATH_SEARCH_PATHS = (
					"$(inherited)",
					"@executable_path/Frameworks",
					"@executable_path/../../Frameworks",
				);
				PRODUCT_BUNDLE_IDENTIFIER = OrgId.Youtube2Mp3.URLSharing;
				PRODUCT_NAME = "$(TARGET_NAME)";
				SKIP_INSTALL = YES;
				SWIFT_VERSION = 5.0;
				TARGETED_DEVICE_FAMILY = "1,2";
			};
			name = Release;
		};
/* End XCBuildConfiguration section */

/* Begin XCConfigurationList section */
		56702CD224B0EF9A003F7971 /* Build configuration list for PBXProject "Youtube2Mp3" */ = {
			isa = XCConfigurationList;
			buildConfigurations = (
				56702CFF24B0EF9C003F7971 /* Debug */,
				56702D0024B0EF9C003F7971 /* Release */,
			);
			defaultConfigurationIsVisible = 0;
			defaultConfigurationName = Release;
		};
		56702D0124B0EF9C003F7971 /* Build configuration list for PBXNativeTarget "Youtube2Mp3" */ = {
			isa = XCConfigurationList;
			buildConfigurations = (
				56702D0224B0EF9C003F7971 /* Debug */,
				56702D0324B0EF9C003F7971 /* Release */,
			);
			defaultConfigurationIsVisible = 0;
			defaultConfigurationName = Release;
		};
		56702D0424B0EF9C003F7971 /* Build configuration list for PBXNativeTarget "Youtube2Mp3Tests" */ = {
			isa = XCConfigurationList;
			buildConfigurations = (
				56702D0524B0EF9C003F7971 /* Debug */,
				56702D0624B0EF9C003F7971 /* Release */,
			);
			defaultConfigurationIsVisible = 0;
			defaultConfigurationName = Release;
		};
		56702D0724B0EF9C003F7971 /* Build configuration list for PBXNativeTarget "Youtube2Mp3UITests" */ = {
			isa = XCConfigurationList;
			buildConfigurations = (
				56702D0824B0EF9C003F7971 /* Debug */,
				56702D0924B0EF9C003F7971 /* Release */,
			);
			defaultConfigurationIsVisible = 0;
			defaultConfigurationName = Release;
		};
		56F8F33D24B6338000EEFF10 /* Build configuration list for PBXNativeTarget "URLSharing" */ = {
			isa = XCConfigurationList;
			buildConfigurations = (
				56F8F33B24B6338000EEFF10 /* Debug */,
				56F8F33C24B6338000EEFF10 /* Release */,
			);
			defaultConfigurationIsVisible = 0;
			defaultConfigurationName = Release;
		};
/* End XCConfigurationList section */
	};
	rootObject = 56702CCF24B0EF9A003F7971 /* Project object */;
}
